
Microsoft Visual Studio Solution File, Format Version 12.00
# Visual Studio Version 16
VisualStudioVersion = 16.0.30611.23
MinimumVisualStudioVersion = 10.0.40219.1
Project("{FAE04EC0-301F-11D3-BF4B-00C04F79EFBC}") = "HideApiKeyApp.UWP", "HideApiKeyApp\HideApiKeyApp.UWP\HideApiKeyApp.UWP.csproj", "{D910A6B0-EB12-40EC-9AC3-FF18B621D6A0}"
EndProject
Project("{FAE04EC0-301F-11D3-BF4B-00C04F79EFBC}") = "HideApiKeyApp.Android", "HideApiKeyApp\HideApiKeyApp.Android\HideApiKeyApp.Android.csproj", "{AB464684-2B66-4A8E-B9F0-61C0B6E0B124}"
EndProject
Project("{FAE04EC0-301F-11D3-BF4B-00C04F79EFBC}") = "HideApiKeyApp.iOS", "HideApiKeyApp\HideApiKeyApp.iOS\HideApiKeyApp.iOS.csproj", "{9FB08ED7-959C-4A0F-A492-7F0EB0D3166E}"
EndProject
Project("{FAE04EC0-301F-11D3-BF4B-00C04F79EFBC}") = "HideApiKeyApp", "HideApiKeyApp\HideApiKeyApp\HideApiKeyApp.csproj", "{DF82B164-9C82-4773-AE01-E9D8178B78CF}"
EndProject
Global
	GlobalSection(SolutionConfigurationPlatforms) = preSolution
		Debug|Any CPU = Debug|Any CPU
		Debug|ARM = Debug|ARM
		Debug|iPhone = Debug|iPhone
		Debug|iPhoneSimulator = Debug|iPhoneSimulator
		Debug|x64 = Debug|x64
		Debug|x86 = Debug|x86
		Release|Any CPU = Release|Any CPU
		Release|ARM = Release|ARM
		Release|iPhone = Release|iPhone
		Release|iPhoneSimulator = Release|iPhoneSimulator
		Release|x64 = Release|x64
		Release|x86 = Release|x86
	EndGlobalSection
	GlobalSection(ProjectConfigurationPlatforms) = postSolution
		{D910A6B0-EB12-40EC-9AC3-FF18B621D6A0}.Debug|Any CPU.ActiveCfg = Debug|x86
		{D910A6B0-EB12-40EC-9AC3-FF18B621D6A0}.Debug|Any CPU.Build.0 = Debug|x86
		{D910A6B0-EB12-40EC-9AC3-FF18B621D6A0}.Debug|Any CPU.Deploy.0 = Debug|x86
		{D910A6B0-EB12-40EC-9AC3-FF18B621D6A0}.Debug|ARM.ActiveCfg = Debug|ARM
		{D910A6B0-EB12-40EC-9AC3-FF18B621D6A0}.Debug|ARM.Build.0 = Debug|ARM
		{D910A6B0-EB12-40EC-9AC3-FF18B621D6A0}.Debug|ARM.Deploy.0 = Debug|ARM
		{D910A6B0-EB12-40EC-9AC3-FF18B621D6A0}.Debug|iPhone.ActiveCfg = Debug|x86
		{D910A6B0-EB12-40EC-9AC3-FF18B621D6A0}.Debug|iPhone.Build.0 = Debug|x86
		{D910A6B0-EB12-40EC-9AC3-FF18B621D6A0}.Debug|iPhone.Deploy.0 = Debug|x86
		{D910A6B0-EB12-40EC-9AC3-FF18B621D6A0}.Debug|iPhoneSimulator.ActiveCfg = Debug|x86
		{D910A6B0-EB12-40EC-9AC3-FF18B621D6A0}.Debug|iPhoneSimulator.Build.0 = Debug|x86
		{D910A6B0-EB12-40EC-9AC3-FF18B621D6A0}.Debug|iPhoneSimulator.Deploy.0 = Debug|x86
		{D910A6B0-EB12-40EC-9AC3-FF18B621D6A0}.Debug|x64.ActiveCfg = Debug|x64
		{D910A6B0-EB12-40EC-9AC3-FF18B621D6A0}.Debug|x64.Build.0 = Debug|x64
		{D910A6B0-EB12-40EC-9AC3-FF18B621D6A0}.Debug|x64.Deploy.0 = Debug|x64
		{D910A6B0-EB12-40EC-9AC3-FF18B621D6A0}.Debug|x86.ActiveCfg = Debug|x86
		{D910A6B0-EB12-40EC-9AC3-FF18B621D6A0}.Debug|x86.Build.0 = Debug|x86
		{D910A6B0-EB12-40EC-9AC3-FF18B621D6A0}.Debug|x86.Deploy.0 = Debug|x86
		{D910A6B0-EB12-40EC-9AC3-FF18B621D6A0}.Release|Any CPU.ActiveCfg = Release|x86
		{D910A6B0-EB12-40EC-9AC3-FF18B621D6A0}.Release|Any CPU.Build.0 = Release|x86
		{D910A6B0-EB12-40EC-9AC3-FF18B621D6A0}.Release|Any CPU.Deploy.0 = Release|x86
		{D910A6B0-EB12-40EC-9AC3-FF18B621D6A0}.Release|ARM.ActiveCfg = Release|ARM
		{D910A6B0-EB12-40EC-9AC3-FF18B621D6A0}.Release|ARM.Build.0 = Release|ARM
		{D910A6B0-EB12-40EC-9AC3-FF18B621D6A0}.Release|ARM.Deploy.0 = Release|ARM
		{D910A6B0-EB12-40EC-9AC3-FF18B621D6A0}.Release|iPhone.ActiveCfg = Release|x86
		{D910A6B0-EB12-40EC-9AC3-FF18B621D6A0}.Release|iPhone.Build.0 = Release|x86
		{D910A6B0-EB12-40EC-9AC3-FF18B621D6A0}.Release|iPhone.Deploy.0 = Release|x86
		{D910A6B0-EB12-40EC-9AC3-FF18B621D6A0}.Release|iPhoneSimulator.ActiveCfg = Release|x86
		{D910A6B0-EB12-40EC-9AC3-FF18B621D6A0}.Release|iPhoneSimulator.Build.0 = Release|x86
		{D910A6B0-EB12-40EC-9AC3-FF18B621D6A0}.Release|iPhoneSimulator.Deploy.0 = Release|x86
		{D910A6B0-EB12-40EC-9AC3-FF18B621D6A0}.Release|x64.ActiveCfg = Release|x64
		{D910A6B0-EB12-40EC-9AC3-FF18B621D6A0}.Release|x64.Build.0 = Release|x64
		{D910A6B0-EB12-40EC-9AC3-FF18B621D6A0}.Release|x64.Deploy.0 = Release|x64
		{D910A6B0-EB12-40EC-9AC3-FF18B621D6A0}.Release|x86.ActiveCfg = Release|x86
		{D910A6B0-EB12-40EC-9AC3-FF18B621D6A0}.Release|x86.Build.0 = Release|x86
		{D910A6B0-EB12-40EC-9AC3-FF18B621D6A0}.Release|x86.Deploy.0 = Release|x86
		{AB464684-2B66-4A8E-B9F0-61C0B6E0B124}.Debug|Any CPU.ActiveCfg = Debug|Any CPU
		{AB464684-2B66-4A8E-B9F0-61C0B6E0B124}.Debug|Any CPU.Build.0 = Debug|Any CPU
		{AB464684-2B66-4A8E-B9F0-61C0B6E0B124}.Debug|Any CPU.Deploy.0 = Debug|Any CPU
		{AB464684-2B66-4A8E-B9F0-61C0B6E0B124}.Debug|ARM.ActiveCfg = Debug|Any CPU
		{AB464684-2B66-4A8E-B9F0-61C0B6E0B124}.Debug|ARM.Build.0 = Debug|Any CPU
		{AB464684-2B66-4A8E-B9F0-61C0B6E0B124}.Debug|ARM.Deploy.0 = Debug|Any CPU
		{AB464684-2B66-4A8E-B9F0-61C0B6E0B124}.Debug|iPhone.ActiveCfg = Debug|Any CPU
		{AB464684-2B66-4A8E-B9F0-61C0B6E0B124}.Debug|iPhone.Build.0 = Debug|Any CPU
		{AB464684-2B66-4A8E-B9F0-61C0B6E0B124}.Debug|iPhone.Deploy.0 = Debug|Any CPU
		{AB464684-2B66-4A8E-B9F0-61C0B6E0B124}.Debug|iPhoneSimulator.ActiveCfg = Debug|Any CPU
		{AB464684-2B66-4A8E-B9F0-61C0B6E0B124}.Debug|iPhoneSimulator.Build.0 = Debug|Any CPU
		{AB464684-2B66-4A8E-B9F0-61C0B6E0B124}.Debug|iPhoneSimulator.Deploy.0 = Debug|Any CPU
		{AB464684-2B66-4A8E-B9F0-61C0B6E0B124}.Debug|x64.ActiveCfg = Debug|Any CPU
		{AB464684-2B66-4A8E-B9F0-61C0B6E0B124}.Debug|x64.Build.0 = Debug|Any CPU
		{AB464684-2B66-4A8E-B9F0-61C0B6E0B124}.Debug|x64.Deploy.0 = Debug|Any CPU
		{AB464684-2B66-4A8E-B9F0-61C0B6E0B124}.Debug|x86.ActiveCfg = Debug|Any CPU
		{AB464684-2B66-4A8E-B9F0-61C0B6E0B124}.Debug|x86.Build.0 = Debug|Any CPU
		{AB464684-2B66-4A8E-B9F0-61C0B6E0B124}.Debug|x86.Deploy.0 = Debug|Any CPU
		{AB464684-2B66-4A8E-B9F0-61C0B6E0B124}.Release|Any CPU.ActiveCfg = Release|Any CPU
		{AB464684-2B66-4A8E-B9F0-61C0B6E0B124}.Release|Any CPU.Build.0 = Release|Any CPU
		{AB464684-2B66-4A8E-B9F0-61C0B6E0B124}.Release|Any CPU.Deploy.0 = Release|Any CPU
		{AB464684-2B66-4A8E-B9F0-61C0B6E0B124}.Release|ARM.ActiveCfg = Release|Any CPU
		{AB464684-2B66-4A8E-B9F0-61C0B6E0B124}.Release|ARM.Build.0 = Release|Any CPU
		{AB464684-2B66-4A8E-B9F0-61C0B6E0B124}.Release|ARM.Deploy.0 = Release|Any CPU
		{AB464684-2B66-4A8E-B9F0-61C0B6E0B124}.Release|iPhone.ActiveCfg = Release|Any CPU
		{AB464684-2B66-4A8E-B9F0-61C0B6E0B124}.Release|iPhone.Build.0 = Release|Any CPU
		{AB464684-2B66-4A8E-B9F0-61C0B6E0B124}.Release|iPhone.Deploy.0 = Release|Any CPU
		{AB464684-2B66-4A8E-B9F0-61C0B6E0B124}.Release|iPhoneSimulator.ActiveCfg = Release|Any CPU
		{AB464684-2B66-4A8E-B9F0-61C0B6E0B124}.Release|iPhoneSimulator.Build.0 = Release|Any CPU
		{AB464684-2B66-4A8E-B9F0-61C0B6E0B124}.Release|iPhoneSimulator.Deploy.0 = Release|Any CPU
		{AB464684-2B66-4A8E-B9F0-61C0B6E0B124}.Release|x64.ActiveCfg = Release|Any CPU
		{AB464684-2B66-4A8E-B9F0-61C0B6E0B124}.Release|x64.Build.0 = Release|Any CPU
		{AB464684-2B66-4A8E-B9F0-61C0B6E0B124}.Release|x64.Deploy.0 = Release|Any CPU
		{AB464684-2B66-4A8E-B9F0-61C0B6E0B124}.Release|x86.ActiveCfg = Release|Any CPU
		{AB464684-2B66-4A8E-B9F0-61C0B6E0B124}.Release|x86.Build.0 = Release|Any CPU
		{AB464684-2B66-4A8E-B9F0-61C0B6E0B124}.Release|x86.Deploy.0 = Release|Any CPU
		{9FB08ED7-959C-4A0F-A492-7F0EB0D3166E}.Debug|Any CPU.ActiveCfg = Debug|iPhoneSimulator
		{9FB08ED7-959C-4A0F-A492-7F0EB0D3166E}.Debug|Any CPU.Build.0 = Debug|iPhoneSimulator
		{9FB08ED7-959C-4A0F-A492-7F0EB0D3166E}.Debug|Any CPU.Deploy.0 = Debug|iPhoneSimulator
		{9FB08ED7-959C-4A0F-A492-7F0EB0D3166E}.Debug|ARM.ActiveCfg = Debug|iPhone
		{9FB08ED7-959C-4A0F-A492-7F0EB0D3166E}.Debug|ARM.Build.0 = Debug|iPhone
		{9FB08ED7-959C-4A0F-A492-7F0EB0D3166E}.Debug|ARM.Deploy.0 = Debug|iPhone
		{9FB08ED7-959C-4A0F-A492-7F0EB0D3166E}.Debug|iPhone.ActiveCfg = Debug|iPhone
		{9FB08ED7-959C-4A0F-A492-7F0EB0D3166E}.Debug|iPhone.Build.0 = Debug|iPhone
		{9FB08ED7-959C-4A0F-A492-7F0EB0D3166E}.Debug|iPhone.Deploy.0 = Debug|iPhone
		{9FB08ED7-959C-4A0F-A492-7F0EB0D3166E}.Debug|iPhoneSimulator.ActiveCfg = Debug|iPhoneSimulator
		{9FB08ED7-959C-4A0F-A492-7F0EB0D3166E}.Debug|iPhoneSimulator.Build.0 = Debug|iPhoneSimulator
		{9FB08ED7-959C-4A0F-A492-7F0EB0D3166E}.Debug|iPhoneSimulator.Deploy.0 = Debug|iPhoneSimulator
		{9FB08ED7-959C-4A0F-A492-7F0EB0D3166E}.Debug|x64.ActiveCfg = Debug|iPhoneSimulator
		{9FB08ED7-959C-4A0F-A492-7F0EB0D3166E}.Debug|x64.Build.0 = Debug|iPhoneSimulator
		{9FB08ED7-959C-4A0F-A492-7F0EB0D3166E}.Debug|x64.Deploy.0 = Debug|iPhoneSimulator
		{9FB08ED7-959C-4A0F-A492-7F0EB0D3166E}.Debug|x86.ActiveCfg = Debug|iPhoneSimulator
		{9FB08ED7-959C-4A0F-A492-7F0EB0D3166E}.Debug|x86.Build.0 = Debug|iPhoneSimulator
		{9FB08ED7-959C-4A0F-A492-7F0EB0D3166E}.Debug|x86.Deploy.0 = Debug|iPhoneSimulator
		{9FB08ED7-959C-4A0F-A492-7F0EB0D3166E}.Release|Any CPU.ActiveCfg = Release|iPhoneSimulator
		{9FB08ED7-959C-4A0F-A492-7F0EB0D3166E}.Release|Any CPU.Build.0 = Release|iPhoneSimulator
		{9FB08ED7-959C-4A0F-A492-7F0EB0D3166E}.Release|Any CPU.Deploy.0 = Release|iPhoneSimulator
		{9FB08ED7-959C-4A0F-A492-7F0EB0D3166E}.Release|ARM.ActiveCfg = Release|iPhoneSimulator
		{9FB08ED7-959C-4A0F-A492-7F0EB0D3166E}.Release|ARM.Build.0 = Release|iPhoneSimulator
		{9FB08ED7-959C-4A0F-A492-7F0EB0D3166E}.Release|ARM.Deploy.0 = Release|iPhoneSimulator
		{9FB08ED7-959C-4A0F-A492-7F0EB0D3166E}.Release|iPhone.ActiveCfg = Release|iPhone
		{9FB08ED7-959C-4A0F-A492-7F0EB0D3166E}.Release|iPhone.Build.0 = Release|iPhone
		{9FB08ED7-959C-4A0F-A492-7F0EB0D3166E}.Release|iPhone.Deploy.0 = Release|iPhone
		{9FB08ED7-959C-4A0F-A492-7F0EB0D3166E}.Release|iPhoneSimulator.ActiveCfg = Release|iPhoneSimulator
		{9FB08ED7-959C-4A0F-A492-7F0EB0D3166E}.Release|iPhoneSimulator.Build.0 = Release|iPhoneSimulator
		{9FB08ED7-959C-4A0F-A492-7F0EB0D3166E}.Release|iPhoneSimulator.Deploy.0 = Release|iPhoneSimulator
		{9FB08ED7-959C-4A0F-A492-7F0EB0D3166E}.Release|x64.ActiveCfg = Release|iPhoneSimulator
		{9FB08ED7-959C-4A0F-A492-7F0EB0D3166E}.Release|x64.Build.0 = Release|iPhoneSimulator
		{9FB08ED7-959C-4A0F-A492-7F0EB0D3166E}.Release|x64.Deploy.0 = Release|iPhoneSimulator
		{9FB08ED7-959C-4A0F-A492-7F0EB0D3166E}.Release|x86.ActiveCfg = Release|iPhoneSimulator
		{9FB08ED7-959C-4A0F-A492-7F0EB0D3166E}.Release|x86.Build.0 = Release|iPhoneSimulator
		{9FB08ED7-959C-4A0F-A492-7F0EB0D3166E}.Release|x86.Deploy.0 = Release|iPhoneSimulator
		{DF82B164-9C82-4773-AE01-E9D8178B78CF}.Debug|Any CPU.ActiveCfg = Debug|Any CPU
		{DF82B164-9C82-4773-AE01-E9D8178B78CF}.Debug|Any CPU.Build.0 = Debug|Any CPU
		{DF82B164-9C82-4773-AE01-E9D8178B78CF}.Debug|Any CPU.Deploy.0 = Debug|Any CPU
		{DF82B164-9C82-4773-AE01-E9D8178B78CF}.Debug|ARM.ActiveCfg = Debug|Any CPU
		{DF82B164-9C82-4773-AE01-E9D8178B78CF}.Debug|ARM.Build.0 = Debug|Any CPU
		{DF82B164-9C82-4773-AE01-E9D8178B78CF}.Debug|ARM.Deploy.0 = Debug|Any CPU
		{DF82B164-9C82-4773-AE01-E9D8178B78CF}.Debug|iPhone.ActiveCfg = Debug|Any CPU
		{DF82B164-9C82-4773-AE01-E9D8178B78CF}.Debug|iPhone.Build.0 = Debug|Any CPU
		{DF82B164-9C82-4773-AE01-E9D8178B78CF}.Debug|iPhone.Deploy.0 = Debug|Any CPU
		{DF82B164-9C82-4773-AE01-E9D8178B78CF}.Debug|iPhoneSimulator.ActiveCfg = Debug|Any CPU
		{DF82B164-9C82-4773-AE01-E9D8178B78CF}.Debug|iPhoneSimulator.Build.0 = Debug|Any CPU
		{DF82B164-9C82-4773-AE01-E9D8178B78CF}.Debug|iPhoneSimulator.Deploy.0 = Debug|Any CPU
		{DF82B164-9C82-4773-AE01-E9D8178B78CF}.Debug|x64.ActiveCfg = Debug|Any CPU
		{DF82B164-9C82-4773-AE01-E9D8178B78CF}.Debug|x64.Build.0 = Debug|Any CPU
		{DF82B164-9C82-4773-AE01-E9D8178B78CF}.Debug|x64.Deploy.0 = Debug|Any CPU
		{DF82B164-9C82-4773-AE01-E9D8178B78CF}.Debug|x86.ActiveCfg = Debug|Any CPU
		{DF82B164-9C82-4773-AE01-E9D8178B78CF}.Debug|x86.Build.0 = Debug|Any CPU
		{DF82B164-9C82-4773-AE01-E9D8178B78CF}.Debug|x86.Deploy.0 = Debug|Any CPU
		{DF82B164-9C82-4773-AE01-E9D8178B78CF}.Release|Any CPU.ActiveCfg = Release|Any CPU
		{DF82B164-9C82-4773-AE01-E9D8178B78CF}.Release|Any CPU.Build.0 = Release|Any CPU
		{DF82B164-9C82-4773-AE01-E9D8178B78CF}.Release|Any CPU.Deploy.0 = Release|Any CPU
		{DF82B164-9C82-4773-AE01-E9D8178B78CF}.Release|ARM.ActiveCfg = Release|Any CPU
		{DF82B164-9C82-4773-AE01-E9D8178B78CF}.Release|ARM.Build.0 = Release|Any CPU
		{DF82B164-9C82-4773-AE01-E9D8178B78CF}.Release|ARM.Deploy.0 = Release|Any CPU
		{DF82B164-9C82-4773-AE01-E9D8178B78CF}.Release|iPhone.ActiveCfg = Release|Any CPU
		{DF82B164-9C82-4773-AE01-E9D8178B78CF}.Release|iPhone.Build.0 = Release|Any CPU
		{DF82B164-9C82-4773-AE01-E9D8178B78CF}.Release|iPhone.Deploy.0 = Release|Any CPU
		{DF82B164-9C82-4773-AE01-E9D8178B78CF}.Release|iPhoneSimulator.ActiveCfg = Release|Any CPU
		{DF82B164-9C82-4773-AE01-E9D8178B78CF}.Release|iPhoneSimulator.Build.0 = Release|Any CPU
		{DF82B164-9C82-4773-AE01-E9D8178B78CF}.Release|iPhoneSimulator.Deploy.0 = Release|Any CPU
		{DF82B164-9C82-4773-AE01-E9D8178B78CF}.Release|x64.ActiveCfg = Release|Any CPU
		{DF82B164-9C82-4773-AE01-E9D8178B78CF}.Release|x64.Build.0 = Release|Any CPU
		{DF82B164-9C82-4773-AE01-E9D8178B78CF}.Release|x64.Deploy.0 = Release|Any CPU
		{DF82B164-9C82-4773-AE01-E9D8178B78CF}.Release|x86.ActiveCfg = Release|Any CPU
		{DF82B164-9C82-4773-AE01-E9D8178B78CF}.Release|x86.Build.0 = Release|Any CPU
		{DF82B164-9C82-4773-AE01-E9D8178B78CF}.Release|x86.Deploy.0 = Release|Any CPU
	EndGlobalSection
	GlobalSection(SolutionProperties) = preSolution
		HideSolutionNode = FALSE
	EndGlobalSection
	GlobalSection(ExtensibilityGlobals) = postSolution
		SolutionGuid = {DAB97B1E-3369-45D7-84C9-2F3841F5850F}
	EndGlobalSection
EndGlobal
